// !$*UTF8*$!
{
	archiveVersion = 1;
	classes = {
	};
	objectVersion = 46;
	objects = {

/* Begin PBXBuildFile section */
		077C9F491E1F7A940011AC31 /* AddExpenseViewController.swift in Sources */ = {isa = PBXBuildFile; fileRef = 077C9F481E1F7A940011AC31 /* AddExpenseViewController.swift */; };
		077C9F4A1E1F7A940011AC31 /* AddExpenseViewController.swift in Sources */ = {isa = PBXBuildFile; fileRef = 077C9F481E1F7A940011AC31 /* AddExpenseViewController.swift */; };
		077C9F4C1E1F7C7C0011AC31 /* Expense.swift in Sources */ = {isa = PBXBuildFile; fileRef = 077C9F4B1E1F7C7C0011AC31 /* Expense.swift */; };
		077C9F4D1E1F7C7C0011AC31 /* Expense.swift in Sources */ = {isa = PBXBuildFile; fileRef = 077C9F4B1E1F7C7C0011AC31 /* Expense.swift */; };
		077C9F4F1E1F7C840011AC31 /* Category.swift in Sources */ = {isa = PBXBuildFile; fileRef = 077C9F4E1E1F7C840011AC31 /* Category.swift */; };
		077C9F501E1F7C840011AC31 /* Category.swift in Sources */ = {isa = PBXBuildFile; fileRef = 077C9F4E1E1F7C840011AC31 /* Category.swift */; };
		077C9F521E1F7CB40011AC31 /* Place.swift in Sources */ = {isa = PBXBuildFile; fileRef = 077C9F511E1F7CB40011AC31 /* Place.swift */; };
		077C9F531E1F7CB40011AC31 /* Place.swift in Sources */ = {isa = PBXBuildFile; fileRef = 077C9F511E1F7CB40011AC31 /* Place.swift */; };
		077C9F571E2335540011AC31 /* LocationManager.swift in Sources */ = {isa = PBXBuildFile; fileRef = 077C9F561E2335540011AC31 /* LocationManager.swift */; };
		077C9F581E2335540011AC31 /* LocationManager.swift in Sources */ = {isa = PBXBuildFile; fileRef = 077C9F561E2335540011AC31 /* LocationManager.swift */; };
		077F281E1E1B88A8006B3DDA /* AppDelegate.swift in Sources */ = {isa = PBXBuildFile; fileRef = 077F281D1E1B88A8006B3DDA /* AppDelegate.swift */; };
		077F28201E1B88A8006B3DDA /* ViewController.swift in Sources */ = {isa = PBXBuildFile; fileRef = 077F281F1E1B88A8006B3DDA /* ViewController.swift */; };
		077F28231E1B88A8006B3DDA /* Main.storyboard in Resources */ = {isa = PBXBuildFile; fileRef = 077F28211E1B88A8006B3DDA /* Main.storyboard */; };
		077F28251E1B88A8006B3DDA /* Assets.xcassets in Resources */ = {isa = PBXBuildFile; fileRef = 077F28241E1B88A8006B3DDA /* Assets.xcassets */; };
		077F28281E1B88A8006B3DDA /* LaunchScreen.storyboard in Resources */ = {isa = PBXBuildFile; fileRef = 077F28261E1B88A8006B3DDA /* LaunchScreen.storyboard */; };
		077F28331E1B88A9006B3DDA /* BudgetTests.swift in Sources */ = {isa = PBXBuildFile; fileRef = 077F28321E1B88A9006B3DDA /* BudgetTests.swift */; };
		0B1E403228220BEE484257C4 /* Pods_Budget.framework in Frameworks */ = {isa = PBXBuildFile; fileRef = 881E3C32A5E08222D9733CC3 /* Pods_Budget.framework */; };
/* End PBXBuildFile section */

/* Begin PBXContainerItemProxy section */
		077F282F1E1B88A9006B3DDA /* PBXContainerItemProxy */ = {
			isa = PBXContainerItemProxy;
			containerPortal = 077F28121E1B88A8006B3DDA /* Project object */;
			proxyType = 1;
			remoteGlobalIDString = 077F28191E1B88A8006B3DDA;
			remoteInfo = Budget;
		};
/* End PBXContainerItemProxy section */

/* Begin PBXFileReference section */
		077C9F481E1F7A940011AC31 /* AddExpenseViewController.swift */ = {isa = PBXFileReference; fileEncoding = 4; lastKnownFileType = sourcecode.swift; path = AddExpenseViewController.swift; sourceTree = "<group>"; };
		077C9F4B1E1F7C7C0011AC31 /* Expense.swift */ = {isa = PBXFileReference; fileEncoding = 4; lastKnownFileType = sourcecode.swift; path = Expense.swift; sourceTree = "<group>"; };
		077C9F4E1E1F7C840011AC31 /* Category.swift */ = {isa = PBXFileReference; fileEncoding = 4; lastKnownFileType = sourcecode.swift; path = Category.swift; sourceTree = "<group>"; };
		077C9F511E1F7CB40011AC31 /* Place.swift */ = {isa = PBXFileReference; fileEncoding = 4; lastKnownFileType = sourcecode.swift; path = Place.swift; sourceTree = "<group>"; };
		077C9F561E2335540011AC31 /* LocationManager.swift */ = {isa = PBXFileReference; fileEncoding = 4; lastKnownFileType = sourcecode.swift; path = LocationManager.swift; sourceTree = "<group>"; };
		077F281A1E1B88A8006B3DDA /* Budget.app */ = {isa = PBXFileReference; explicitFileType = wrapper.application; includeInIndex = 0; path = Budget.app; sourceTree = BUILT_PRODUCTS_DIR; };
		077F281D1E1B88A8006B3DDA /* AppDelegate.swift */ = {isa = PBXFileReference; lastKnownFileType = sourcecode.swift; path = AppDelegate.swift; sourceTree = "<group>"; };
		077F281F1E1B88A8006B3DDA /* ViewController.swift */ = {isa = PBXFileReference; lastKnownFileType = sourcecode.swift; path = ViewController.swift; sourceTree = "<group>"; };
		077F28221E1B88A8006B3DDA /* Base */ = {isa = PBXFileReference; lastKnownFileType = file.storyboard; name = Base; path = Base.lproj/Main.storyboard; sourceTree = "<group>"; };
		077F28241E1B88A8006B3DDA /* Assets.xcassets */ = {isa = PBXFileReference; lastKnownFileType = folder.assetcatalog; path = Assets.xcassets; sourceTree = "<group>"; };
		077F28271E1B88A8006B3DDA /* Base */ = {isa = PBXFileReference; lastKnownFileType = file.storyboard; name = Base; path = Base.lproj/LaunchScreen.storyboard; sourceTree = "<group>"; };
		077F28291E1B88A8006B3DDA /* Info.plist */ = {isa = PBXFileReference; lastKnownFileType = text.plist.xml; path = Info.plist; sourceTree = "<group>"; };
		077F282E1E1B88A9006B3DDA /* BudgetTests.xctest */ = {isa = PBXFileReference; explicitFileType = wrapper.cfbundle; includeInIndex = 0; path = BudgetTests.xctest; sourceTree = BUILT_PRODUCTS_DIR; };
		077F28321E1B88A9006B3DDA /* BudgetTests.swift */ = {isa = PBXFileReference; lastKnownFileType = sourcecode.swift; path = BudgetTests.swift; sourceTree = "<group>"; };
		077F28341E1B88A9006B3DDA /* Info.plist */ = {isa = PBXFileReference; lastKnownFileType = text.plist.xml; path = Info.plist; sourceTree = "<group>"; };
		881E3C32A5E08222D9733CC3 /* Pods_Budget.framework */ = {isa = PBXFileReference; explicitFileType = wrapper.framework; includeInIndex = 0; path = Pods_Budget.framework; sourceTree = BUILT_PRODUCTS_DIR; };
		D72FEFB3F19988FAB5284821 /* Pods-Budget.release.xcconfig */ = {isa = PBXFileReference; includeInIndex = 1; lastKnownFileType = text.xcconfig; name = "Pods-Budget.release.xcconfig"; path = "Pods/Target Support Files/Pods-Budget/Pods-Budget.release.xcconfig"; sourceTree = "<group>"; };
		D960B9F925E58A5D659E8C76 /* Pods-Budget.debug.xcconfig */ = {isa = PBXFileReference; includeInIndex = 1; lastKnownFileType = text.xcconfig; name = "Pods-Budget.debug.xcconfig"; path = "Pods/Target Support Files/Pods-Budget/Pods-Budget.debug.xcconfig"; sourceTree = "<group>"; };
/* End PBXFileReference section */

/* Begin PBXFrameworksBuildPhase section */
		077F28171E1B88A8006B3DDA /* Frameworks */ = {
			isa = PBXFrameworksBuildPhase;
			buildActionMask = 2147483647;
			files = (
				0B1E403228220BEE484257C4 /* Pods_Budget.framework in Frameworks */,
			);
			runOnlyForDeploymentPostprocessing = 0;
		};
		077F282B1E1B88A9006B3DDA /* Frameworks */ = {
			isa = PBXFrameworksBuildPhase;
			buildActionMask = 2147483647;
			files = (
			);
			runOnlyForDeploymentPostprocessing = 0;
		};
/* End PBXFrameworksBuildPhase section */

/* Begin PBXGroup section */
		077C9F541E23352B0011AC31 /* Models */ = {
			isa = PBXGroup;
			children = (
				077C9F4B1E1F7C7C0011AC31 /* Expense.swift */,
				077C9F4E1E1F7C840011AC31 /* Category.swift */,
				077C9F511E1F7CB40011AC31 /* Place.swift */,
			);
			name = Models;
			sourceTree = "<group>";
		};
		077C9F551E2335380011AC31 /* Location */ = {
			isa = PBXGroup;
			children = (
				077C9F561E2335540011AC31 /* LocationManager.swift */,
			);
			name = Location;
			sourceTree = "<group>";
		};
		077F28111E1B88A8006B3DDA = {
			isa = PBXGroup;
			children = (
				077F281C1E1B88A8006B3DDA /* Budget */,
				077F28311E1B88A9006B3DDA /* BudgetTests */,
				077F281B1E1B88A8006B3DDA /* Products */,
				1F0655359D928A86EDBE23C6 /* Pods */,
				19F03703354DCA8ABF906F5F /* Frameworks */,
			);
			sourceTree = "<group>";
		};
		077F281B1E1B88A8006B3DDA /* Products */ = {
			isa = PBXGroup;
			children = (
				077F281A1E1B88A8006B3DDA /* Budget.app */,
				077F282E1E1B88A9006B3DDA /* BudgetTests.xctest */,
			);
			name = Products;
			sourceTree = "<group>";
		};
		077F281C1E1B88A8006B3DDA /* Budget */ = {
			isa = PBXGroup;
			children = (
				077F281D1E1B88A8006B3DDA /* AppDelegate.swift */,
				077F281F1E1B88A8006B3DDA /* ViewController.swift */,
				077F28211E1B88A8006B3DDA /* Main.storyboard */,
				077F28241E1B88A8006B3DDA /* Assets.xcassets */,
				077F28261E1B88A8006B3DDA /* LaunchScreen.storyboard */,
				077F28291E1B88A8006B3DDA /* Info.plist */,
				077C9F481E1F7A940011AC31 /* AddExpenseViewController.swift */,
				077C9F551E2335380011AC31 /* Location */,
				077C9F541E23352B0011AC31 /* Models */,
			);
			path = Budget;
			sourceTree = "<group>";
		};
		077F28311E1B88A9006B3DDA /* BudgetTests */ = {
			isa = PBXGroup;
			children = (
				077F28321E1B88A9006B3DDA /* BudgetTests.swift */,
				077F28341E1B88A9006B3DDA /* Info.plist */,
			);
			path = BudgetTests;
			sourceTree = "<group>";
		};
		19F03703354DCA8ABF906F5F /* Frameworks */ = {
			isa = PBXGroup;
			children = (
				881E3C32A5E08222D9733CC3 /* Pods_Budget.framework */,
			);
			name = Frameworks;
			sourceTree = "<group>";
		};
		1F0655359D928A86EDBE23C6 /* Pods */ = {
			isa = PBXGroup;
			children = (
				D960B9F925E58A5D659E8C76 /* Pods-Budget.debug.xcconfig */,
				D72FEFB3F19988FAB5284821 /* Pods-Budget.release.xcconfig */,
			);
			name = Pods;
			sourceTree = "<group>";
		};
/* End PBXGroup section */

/* Begin PBXNativeTarget section */
		077F28191E1B88A8006B3DDA /* Budget */ = {
			isa = PBXNativeTarget;
			buildConfigurationList = 077F28371E1B88A9006B3DDA /* Build configuration list for PBXNativeTarget "Budget" */;
			buildPhases = (
				6DB81035F2767D3E853D78A0 /* [CP] Check Pods Manifest.lock */,
				077F28161E1B88A8006B3DDA /* Sources */,
				077F28171E1B88A8006B3DDA /* Frameworks */,
				077F28181E1B88A8006B3DDA /* Resources */,
				4E75E409B8B1CC8AB9B4F072 /* [CP] Embed Pods Frameworks */,
				32ADDD61BCB294EDA5D006E7 /* [CP] Copy Pods Resources */,
			);
			buildRules = (
			);
			dependencies = (
			);
			name = Budget;
			productName = Budget;
			productReference = 077F281A1E1B88A8006B3DDA /* Budget.app */;
			productType = "com.apple.product-type.application";
		};
		077F282D1E1B88A9006B3DDA /* BudgetTests */ = {
			isa = PBXNativeTarget;
			buildConfigurationList = 077F283A1E1B88A9006B3DDA /* Build configuration list for PBXNativeTarget "BudgetTests" */;
			buildPhases = (
				077F282A1E1B88A9006B3DDA /* Sources */,
				077F282B1E1B88A9006B3DDA /* Frameworks */,
				077F282C1E1B88A9006B3DDA /* Resources */,
			);
			buildRules = (
			);
			dependencies = (
				077F28301E1B88A9006B3DDA /* PBXTargetDependency */,
			);
			name = BudgetTests;
			productName = BudgetTests;
			productReference = 077F282E1E1B88A9006B3DDA /* BudgetTests.xctest */;
			productType = "com.apple.product-type.bundle.unit-test";
		};
/* End PBXNativeTarget section */

/* Begin PBXProject section */
		077F28121E1B88A8006B3DDA /* Project object */ = {
			isa = PBXProject;
			attributes = {
				LastSwiftUpdateCheck = 0820;
				LastUpgradeCheck = 0820;
				ORGANIZATIONNAME = "Evan Davis";
				TargetAttributes = {
					077F28191E1B88A8006B3DDA = {
						CreatedOnToolsVersion = 8.2.1;
						DevelopmentTeam = 3J5W323SD5;
						ProvisioningStyle = Automatic;
					};
					077F282D1E1B88A9006B3DDA = {
						CreatedOnToolsVersion = 8.2.1;
						DevelopmentTeam = 3J5W323SD5;
						ProvisioningStyle = Automatic;
						TestTargetID = 077F28191E1B88A8006B3DDA;
					};
				};
			};
			buildConfigurationList = 077F28151E1B88A8006B3DDA /* Build configuration list for PBXProject "Budget" */;
			compatibilityVersion = "Xcode 3.2";
			developmentRegion = English;
			hasScannedForEncodings = 0;
			knownRegions = (
				en,
				Base,
			);
			mainGroup = 077F28111E1B88A8006B3DDA;
			productRefGroup = 077F281B1E1B88A8006B3DDA /* Products */;
			projectDirPath = "";
			projectRoot = "";
			targets = (
				077F28191E1B88A8006B3DDA /* Budget */,
				077F282D1E1B88A9006B3DDA /* BudgetTests */,
			);
		};
/* End PBXProject section */

/* Begin PBXResourcesBuildPhase section */
		077F28181E1B88A8006B3DDA /* Resources */ = {
			isa = PBXResourcesBuildPhase;
			buildActionMask = 2147483647;
			files = (
				077F28281E1B88A8006B3DDA /* LaunchScreen.storyboard in Resources */,
				077F28251E1B88A8006B3DDA /* Assets.xcassets in Resources */,
				077F28231E1B88A8006B3DDA /* Main.storyboard in Resources */,
			);
			runOnlyForDeploymentPostprocessing = 0;
		};
		077F282C1E1B88A9006B3DDA /* Resources */ = {
			isa = PBXResourcesBuildPhase;
			buildActionMask = 2147483647;
			files = (
			);
			runOnlyForDeploymentPostprocessing = 0;
		};
/* End PBXResourcesBuildPhase section */

/* Begin PBXShellScriptBuildPhase section */
		32ADDD61BCB294EDA5D006E7 /* [CP] Copy Pods Resources */ = {
			isa = PBXShellScriptBuildPhase;
			buildActionMask = 2147483647;
			files = (
			);
			inputPaths = (
			);
			name = "[CP] Copy Pods Resources";
			outputPaths = (
			);
			runOnlyForDeploymentPostprocessing = 0;
			shellPath = /bin/sh;
			shellScript = "\"${SRCROOT}/Pods/Target Support Files/Pods-Budget/Pods-Budget-resources.sh\"\n";
			showEnvVarsInLog = 0;
		};
		4E75E409B8B1CC8AB9B4F072 /* [CP] Embed Pods Frameworks */ = {
			isa = PBXShellScriptBuildPhase;
			buildActionMask = 2147483647;
			files = (
			);
			inputPaths = (
			);
			name = "[CP] Embed Pods Frameworks";
			outputPaths = (
			);
			runOnlyForDeploymentPostprocessing = 0;
			shellPath = /bin/sh;
			shellScript = "\"${SRCROOT}/Pods/Target Support Files/Pods-Budget/Pods-Budget-frameworks.sh\"\n";
			showEnvVarsInLog = 0;
		};
		6DB81035F2767D3E853D78A0 /* [CP] Check Pods Manifest.lock */ = {
			isa = PBXShellScriptBuildPhase;
			buildActionMask = 2147483647;
			files = (
			);
			inputPaths = (
			);
			name = "[CP] Check Pods Manifest.lock";
			outputPaths = (
			);
			runOnlyForDeploymentPostprocessing = 0;
			shellPath = /bin/sh;
			shellScript = "diff \"${PODS_ROOT}/../Podfile.lock\" \"${PODS_ROOT}/Manifest.lock\" > /dev/null\nif [ $? != 0 ] ; then\n    # print error to STDERR\n    echo \"error: The sandbox is not in sync with the Podfile.lock. Run 'pod install' or update your CocoaPods installation.\" >&2\n    exit 1\nfi\n";
			showEnvVarsInLog = 0;
		};
/* End PBXShellScriptBuildPhase section */

/* Begin PBXSourcesBuildPhase section */
		077F28161E1B88A8006B3DDA /* Sources */ = {
			isa = PBXSourcesBuildPhase;
			buildActionMask = 2147483647;
			files = (
				077C9F4C1E1F7C7C0011AC31 /* Expense.swift in Sources */,
				077C9F4F1E1F7C840011AC31 /* Category.swift in Sources */,
				077F28201E1B88A8006B3DDA /* ViewController.swift in Sources */,
				077C9F571E2335540011AC31 /* LocationManager.swift in Sources */,
				077C9F521E1F7CB40011AC31 /* Place.swift in Sources */,
				077C9F491E1F7A940011AC31 /* AddExpenseViewController.swift in Sources */,
				077F281E1E1B88A8006B3DDA /* AppDelegate.swift in Sources */,
			);
			runOnlyForDeploymentPostprocessing = 0;
		};
		077F282A1E1B88A9006B3DDA /* Sources */ = {
			isa = PBXSourcesBuildPhase;
			buildActionMask = 2147483647;
			files = (
				077C9F4D1E1F7C7C0011AC31 /* Expense.swift in Sources */,
				077F28331E1B88A9006B3DDA /* BudgetTests.swift in Sources */,
				077C9F581E2335540011AC31 /* LocationManager.swift in Sources */,
				077C9F4A1E1F7A940011AC31 /* AddExpenseViewController.swift in Sources */,
				077C9F501E1F7C840011AC31 /* Category.swift in Sources */,
				077C9F531E1F7CB40011AC31 /* Place.swift in Sources */,
			);
			runOnlyForDeploymentPostprocessing = 0;
		};
/* End PBXSourcesBuildPhase section */

/* Begin PBXTargetDependency section */
		077F28301E1B88A9006B3DDA /* PBXTargetDependency */ = {
			isa = PBXTargetDependency;
			target = 077F28191E1B88A8006B3DDA /* Budget */;
			targetProxy = 077F282F1E1B88A9006B3DDA /* PBXContainerItemProxy */;
		};
/* End PBXTargetDependency section */

/* Begin PBXVariantGroup section */
		077F28211E1B88A8006B3DDA /* Main.storyboard */ = {
			isa = PBXVariantGroup;
			children = (
				077F28221E1B88A8006B3DDA /* Base */,
			);
			name = Main.storyboard;
			sourceTree = "<group>";
		};
		077F28261E1B88A8006B3DDA /* LaunchScreen.storyboard */ = {
			isa = PBXVariantGroup;
			children = (
				077F28271E1B88A8006B3DDA /* Base */,
			);
			name = LaunchScreen.storyboard;
			sourceTree = "<group>";
		};
/* End PBXVariantGroup section */

/* Begin XCBuildConfiguration section */
		077F28351E1B88A9006B3DDA /* Debug */ = {
			isa = XCBuildConfiguration;
			buildSettings = {
				ALWAYS_SEARCH_USER_PATHS = NO;
				CLANG_ANALYZER_NONNULL = YES;
				CLANG_CXX_LANGUAGE_STANDARD = "gnu++0x";
				CLANG_CXX_LIBRARY = "libc++";
				CLANG_ENABLE_MODULES = YES;
				CLANG_ENABLE_OBJC_ARC = YES;
				CLANG_WARN_BOOL_CONVERSION = YES;
				CLANG_WARN_CONSTANT_CONVERSION = YES;
				CLANG_WARN_DIRECT_OBJC_ISA_USAGE = YES_ERROR;
				CLANG_WARN_DOCUMENTATION_COMMENTS = YES;
				CLANG_WARN_EMPTY_BODY = YES;
				CLANG_WARN_ENUM_CONVERSION = YES;
				CLANG_WARN_INFINITE_RECURSION = YES;
				CLANG_WARN_INT_CONVERSION = YES;
				CLANG_WARN_OBJC_ROOT_CLASS = YES_ERROR;
				CLANG_WARN_SUSPICIOUS_MOVE = YES;
				CLANG_WARN_UNREACHABLE_CODE = YES;
				CLANG_WARN__DUPLICATE_METHOD_MATCH = YES;
				"CODE_SIGN_IDENTITY[sdk=iphoneos*]" = "iPhone Developer";
				COPY_PHASE_STRIP = NO;
				DEBUG_INFORMATION_FORMAT = dwarf;
				ENABLE_STRICT_OBJC_MSGSEND = YES;
				ENABLE_TESTABILITY = YES;
				GCC_C_LANGUAGE_STANDARD = gnu99;
				GCC_DYNAMIC_NO_PIC = NO;
				GCC_NO_COMMON_BLOCKS = YES;
				GCC_OPTIMIZATION_LEVEL = 0;
				GCC_PREPROCESSOR_DEFINITIONS = (
					"DEBUG=1",
					"$(inherited)",
				);
				GCC_WARN_64_TO_32_BIT_CONVERSION = YES;
				GCC_WARN_ABOUT_RETURN_TYPE = YES_ERROR;
				GCC_WARN_UNDECLARED_SELECTOR = YES;
				GCC_WARN_UNINITIALIZED_AUTOS = YES_AGGRESSIVE;
				GCC_WARN_UNUSED_FUNCTION = YES;
				GCC_WARN_UNUSED_VARIABLE = YES;
				IPHONEOS_DEPLOYMENT_TARGET = 10.2;
				MTL_ENABLE_DEBUG_INFO = YES;
				ONLY_ACTIVE_ARCH = YES;
				SDKROOT = iphoneos;
				SWIFT_ACTIVE_COMPILATION_CONDITIONS = DEBUG;
				SWIFT_OPTIMIZATION_LEVEL = "-Onone";
			};
			name = Debug;
		};
		077F28361E1B88A9006B3DDA /* Release */ = {
			isa = XCBuildConfiguration;
			buildSettings = {
				ALWAYS_SEARCH_USER_PATHS = NO;
				CLANG_ANALYZER_NONNULL = YES;
				CLANG_CXX_LANGUAGE_STANDARD = "gnu++0x";
				CLANG_CXX_LIBRARY = "libc++";
				CLANG_ENABLE_MODULES = YES;
				CLANG_ENABLE_OBJC_ARC = YES;
				CLANG_WARN_BOOL_CONVERSION = YES;
				CLANG_WARN_CONSTANT_CONVERSION = YES;
				CLANG_WARN_DIRECT_OBJC_ISA_USAGE = YES_ERROR;
				CLANG_WARN_DOCUMENTATION_COMMENTS = YES;
				CLANG_WARN_EMPTY_BODY = YES;
				CLANG_WARN_ENUM_CONVERSION = YES;
				CLANG_WARN_INFINITE_RECURSION = YES;
				CLANG_WARN_INT_CONVERSION = YES;
				CLANG_WARN_OBJC_ROOT_CLASS = YES_ERROR;
				CLANG_WARN_SUSPICIOUS_MOVE = YES;
				CLANG_WARN_UNREACHABLE_CODE = YES;
				CLANG_WARN__DUPLICATE_METHOD_MATCH = YES;
				"CODE_SIGN_IDENTITY[sdk=iphoneos*]" = "iPhone Developer";
				COPY_PHASE_STRIP = NO;
				DEBUG_INFORMATION_FORMAT = "dwarf-with-dsym";
				ENABLE_NS_ASSERTIONS = NO;
				ENABLE_STRICT_OBJC_MSGSEND = YES;
				GCC_C_LANGUAGE_STANDARD = gnu99;
				GCC_NO_COMMON_BLOCKS = YES;
				GCC_WARN_64_TO_32_BIT_CONVERSION = YES;
				GCC_WARN_ABOUT_RETURN_TYPE = YES_ERROR;
				GCC_WARN_UNDECLARED_SELECTOR = YES;
				GCC_WARN_UNINITIALIZED_AUTOS = YES_AGGRESSIVE;
				GCC_WARN_UNUSED_FUNCTION = YES;
				GCC_WARN_UNUSED_VARIABLE = YES;
				IPHONEOS_DEPLOYMENT_TARGET = 10.2;
				MTL_ENABLE_DEBUG_INFO = NO;
				SDKROOT = iphoneos;
				SWIFT_OPTIMIZATION_LEVEL = "-Owholemodule";
				VALIDATE_PRODUCT = YES;
			};
			name = Release;
		};
		077F28381E1B88A9006B3DDA /* Debug */ = {
			isa = XCBuildConfiguration;
			baseConfigurationReference = D960B9F925E58A5D659E8C76 /* Pods-Budget.debug.xcconfig */;
			buildSettings = {
				ALWAYS_EMBED_SWIFT_STANDARD_LIBRARIES = YES;
				ASSETCATALOG_COMPILER_APPICON_NAME = AppIcon;
				DEVELOPMENT_TEAM = 3J5W323SD5;
				INFOPLIST_FILE = Budget/Info.plist;
				LD_RUNPATH_SEARCH_PATHS = "$(inherited) @executable_path/Frameworks";
				PRODUCT_BUNDLE_IDENTIFIER = com.evandavis.Budget;
				PRODUCT_NAME = "$(TARGET_NAME)";
				SWIFT_VERSION = 3.0;
			};
			name = Debug;
		};
		077F28391E1B88A9006B3DDA /* Release */ = {
			isa = XCBuildConfiguration;
			baseConfigurationReference = D72FEFB3F19988FAB5284821 /* Pods-Budget.release.xcconfig */;
			buildSettings = {
				ALWAYS_EMBED_SWIFT_STANDARD_LIBRARIES = YES;
				ASSETCATALOG_COMPILER_APPICON_NAME = AppIcon;
				DEVELOPMENT_TEAM = 3J5W323SD5;
				INFOPLIST_FILE = Budget/Info.plist;
				LD_RUNPATH_SEARCH_PATHS = "$(inherited) @executable_path/Frameworks";
				PRODUCT_BUNDLE_IDENTIFIER = com.evandavis.Budget;
				PRODUCT_NAME = "$(TARGET_NAME)";
				SWIFT_VERSION = 3.0;
			};
			name = Release;
		};
		077F283B1E1B88A9006B3DDA /* Debug */ = {
			isa = XCBuildConfiguration;
			buildSettings = {
				ALWAYS_EMBED_SWIFT_STANDARD_LIBRARIES = YES;
				BUNDLE_LOADER = "$(TEST_HOST)";
				DEVELOPMENT_TEAM = 3J5W323SD5;
				INFOPLIST_FILE = BudgetTests/Info.plist;
				LD_RUNPATH_SEARCH_PATHS = "$(inherited) @executable_path/Frameworks @loader_path/Frameworks";
				PRODUCT_BUNDLE_IDENTIFIER = com.evandavis.BudgetTests;
				PRODUCT_NAME = "$(TARGET_NAME)";
				SWIFT_VERSION = 3.0;
				TEST_HOST = "$(BUILT_PRODUCTS_DIR)/Budget.app/Budget";
			};
			name = Debug;
		};
		077F283C1E1B88A9006B3DDA /* Release */ = {
			isa = XCBuildConfiguration;
			buildSettings = {
				ALWAYS_EMBED_SWIFT_STANDARD_LIBRARIES = YES;
				BUNDLE_LOADER = "$(TEST_HOST)";
				DEVELOPMENT_TEAM = 3J5W323SD5;
				INFOPLIST_FILE = BudgetTests/Info.plist;
				LD_RUNPATH_SEARCH_PATHS = "$(inherited) @executable_path/Frameworks @loader_path/Frameworks";
				PRODUCT_BUNDLE_IDENTIFIER = com.evandavis.BudgetTests;
				PRODUCT_NAME = "$(TARGET_NAME)";
				SWIFT_VERSION = 3.0;
				TEST_HOST = "$(BUILT_PRODUCTS_DIR)/Budget.app/Budget";
			};
			name = Release;
		};
/* End XCBuildConfiguration section */

/* Begin XCConfigurationList section */
		077F28151E1B88A8006B3DDA /* Build configuration list for PBXProject "Budget" */ = {
			isa = XCConfigurationList;
			buildConfigurations = (
				077F28351E1B88A9006B3DDA /* Debug */,
				077F28361E1B88A9006B3DDA /* Release */,
			);
			defaultConfigurationIsVisible = 0;
			defaultConfigurationName = Release;
		};
		077F28371E1B88A9006B3DDA /* Build configuration list for PBXNativeTarget "Budget" */ = {
			isa = XCConfigurationList;
			buildConfigurations = (
				077F28381E1B88A9006B3DDA /* Debug */,
				077F28391E1B88A9006B3DDA /* Release */,
			);
			defaultConfigurationIsVisible = 0;
			defaultConfigurationName = Release;
		};
		077F283A1E1B88A9006B3DDA /* Build configuration list for PBXNativeTarget "BudgetTests" */ = {
			isa = XCConfigurationList;
			buildConfigurations = (
				077F283B1E1B88A9006B3DDA /* Debug */,
				077F283C1E1B88A9006B3DDA /* Release */,
			);
			defaultConfigurationIsVisible = 0;
			defaultConfigurationName = Release;
		};
/* End XCConfigurationList section */
	};
	rootObject = 077F28121E1B88A8006B3DDA /* Project object */;
}
